<Solution>
  <Project Path="Backend/Backend.csproj" />
  <Project Path="Client/Client.csproj" />
  <Project Path="Common/Common.csproj" Id="d1ea4dc6-3d90-4b43-9f92-b87f8de317a2" />
  <Project Path="DataAccess/DatabaseAccess.csproj" Id="a961b8da-8bab-4a39-9548-13ed8640746b">
    <Build Solution="Debug|*" Project="false" />
  </Project>
  <Project Path="Shared/Shared.csproj" />
</Solution>
